// !$*UTF8*$!
{
	archiveVersion = 1;
	classes = {
	};
	objectVersion = 46;
	objects = {

/* Begin PBXBuildFile section */
		7C490ABFDA5CE76B924C9698 /* libPods-CPDataDrivenFlowLayout iOS Example.a in Frameworks */ = {isa = PBXBuildFile; fileRef = C65FD56952B91654FBB39E44 /* libPods-CPDataDrivenFlowLayout iOS Example.a */; };
		A6D963131DB9167200ACE044 /* main.m in Sources */ = {isa = PBXBuildFile; fileRef = A6D963121DB9167200ACE044 /* main.m */; };
		A6D963161DB9167200ACE044 /* AppDelegate.m in Sources */ = {isa = PBXBuildFile; fileRef = A6D963151DB9167200ACE044 /* AppDelegate.m */; };
		A6D963191DB9167200ACE044 /* ViewController.m in Sources */ = {isa = PBXBuildFile; fileRef = A6D963181DB9167200ACE044 /* ViewController.m */; };
		A6D9631C1DB9167200ACE044 /* Main.storyboard in Resources */ = {isa = PBXBuildFile; fileRef = A6D9631A1DB9167200ACE044 /* Main.storyboard */; };
		A6D9631E1DB9167200ACE044 /* Assets.xcassets in Resources */ = {isa = PBXBuildFile; fileRef = A6D9631D1DB9167200ACE044 /* Assets.xcassets */; };
		A6D963211DB9167200ACE044 /* LaunchScreen.storyboard in Resources */ = {isa = PBXBuildFile; fileRef = A6D9631F1DB9167200ACE044 /* LaunchScreen.storyboard */; };
/* End PBXBuildFile section */

/* Begin PBXFileReference section */
		269821FC774433F0C0B29CE6 /* Pods-CPDataDrivenFlowLayout iOS Example.debug.xcconfig */ = {isa = PBXFileReference; includeInIndex = 1; lastKnownFileType = text.xcconfig; name = "Pods-CPDataDrivenFlowLayout iOS Example.debug.xcconfig"; path = "Pods/Target Support Files/Pods-CPDataDrivenFlowLayout iOS Example/Pods-CPDataDrivenFlowLayout iOS Example.debug.xcconfig"; sourceTree = "<group>"; };
		667CEC160A25FCC9EF12D2F8 /* Pods-CPDataDrivenFlowLayout iOS Example.release.xcconfig */ = {isa = PBXFileReference; includeInIndex = 1; lastKnownFileType = text.xcconfig; name = "Pods-CPDataDrivenFlowLayout iOS Example.release.xcconfig"; path = "Pods/Target Support Files/Pods-CPDataDrivenFlowLayout iOS Example/Pods-CPDataDrivenFlowLayout iOS Example.release.xcconfig"; sourceTree = "<group>"; };
		A6D9630E1DB9167200ACE044 /* CPDataDrivenFlowLayout iOS Example.app */ = {isa = PBXFileReference; explicitFileType = wrapper.application; includeInIndex = 0; path = "CPDataDrivenFlowLayout iOS Example.app"; sourceTree = BUILT_PRODUCTS_DIR; };
		A6D963121DB9167200ACE044 /* main.m */ = {isa = PBXFileReference; lastKnownFileType = sourcecode.c.objc; path = main.m; sourceTree = "<group>"; };
		A6D963141DB9167200ACE044 /* AppDelegate.h */ = {isa = PBXFileReference; lastKnownFileType = sourcecode.c.h; path = AppDelegate.h; sourceTree = "<group>"; };
		A6D963151DB9167200ACE044 /* AppDelegate.m */ = {isa = PBXFileReference; lastKnownFileType = sourcecode.c.objc; path = AppDelegate.m; sourceTree = "<group>"; };
		A6D963171DB9167200ACE044 /* ViewController.h */ = {isa = PBXFileReference; lastKnownFileType = sourcecode.c.h; path = ViewController.h; sourceTree = "<group>"; };
		A6D963181DB9167200ACE044 /* ViewController.m */ = {isa = PBXFileReference; lastKnownFileType = sourcecode.c.objc; path = ViewController.m; sourceTree = "<group>"; };
		A6D9631B1DB9167200ACE044 /* Base */ = {isa = PBXFileReference; lastKnownFileType = file.storyboard; name = Base; path = Base.lproj/Main.storyboard; sourceTree = "<group>"; };
		A6D9631D1DB9167200ACE044 /* Assets.xcassets */ = {isa = PBXFileReference; lastKnownFileType = folder.assetcatalog; path = Assets.xcassets; sourceTree = "<group>"; };
		A6D963201DB9167200ACE044 /* Base */ = {isa = PBXFileReference; lastKnownFileType = file.storyboard; name = Base; path = Base.lproj/LaunchScreen.storyboard; sourceTree = "<group>"; };
		A6D963221DB9167200ACE044 /* Info.plist */ = {isa = PBXFileReference; lastKnownFileType = text.plist.xml; path = Info.plist; sourceTree = "<group>"; };
		C65FD56952B91654FBB39E44 /* libPods-CPDataDrivenFlowLayout iOS Example.a */ = {isa = PBXFileReference; explicitFileType = archive.ar; includeInIndex = 0; path = "libPods-CPDataDrivenFlowLayout iOS Example.a"; sourceTree = BUILT_PRODUCTS_DIR; };
/* End PBXFileReference section */

/* Begin PBXFrameworksBuildPhase section */
		A6D9630B1DB9167200ACE044 /* Frameworks */ = {
			isa = PBXFrameworksBuildPhase;
			buildActionMask = 2147483647;
			files = (
				7C490ABFDA5CE76B924C9698 /* libPods-CPDataDrivenFlowLayout iOS Example.a in Frameworks */,
			);
			runOnlyForDeploymentPostprocessing = 0;
		};
/* End PBXFrameworksBuildPhase section */

/* Begin PBXGroup section */
		9870F6DB65805AE1D011AC09 /* Frameworks */ = {
			isa = PBXGroup;
			children = (
				C65FD56952B91654FBB39E44 /* libPods-CPDataDrivenFlowLayout iOS Example.a */,
			);
			name = Frameworks;
			sourceTree = "<group>";
		};
		A6D963051DB9167200ACE044 = {
			isa = PBXGroup;
			children = (
				A6D963101DB9167200ACE044 /* CPDataDrivenFlowLayout iOS Example */,
				A6D9630F1DB9167200ACE044 /* Products */,
				EA6E8E1FF3DFFB9D56CB3572 /* Pods */,
				9870F6DB65805AE1D011AC09 /* Frameworks */,
			);
			sourceTree = "<group>";
		};
		A6D9630F1DB9167200ACE044 /* Products */ = {
			isa = PBXGroup;
			children = (
				A6D9630E1DB9167200ACE044 /* CPDataDrivenFlowLayout iOS Example.app */,
			);
			name = Products;
			sourceTree = "<group>";
		};
		A6D963101DB9167200ACE044 /* CPDataDrivenFlowLayout iOS Example */ = {
			isa = PBXGroup;
			children = (
				A6D963141DB9167200ACE044 /* AppDelegate.h */,
				A6D963151DB9167200ACE044 /* AppDelegate.m */,
				A6D963171DB9167200ACE044 /* ViewController.h */,
				A6D963181DB9167200ACE044 /* ViewController.m */,
				A6D9631A1DB9167200ACE044 /* Main.storyboard */,
				A6D9631D1DB9167200ACE044 /* Assets.xcassets */,
				A6D9631F1DB9167200ACE044 /* LaunchScreen.storyboard */,
				A6D963221DB9167200ACE044 /* Info.plist */,
				A6D963111DB9167200ACE044 /* Supporting Files */,
			);
			path = "CPDataDrivenFlowLayout iOS Example";
			sourceTree = "<group>";
		};
		A6D963111DB9167200ACE044 /* Supporting Files */ = {
			isa = PBXGroup;
			children = (
				A6D963121DB9167200ACE044 /* main.m */,
			);
			name = "Supporting Files";
			sourceTree = "<group>";
		};
		EA6E8E1FF3DFFB9D56CB3572 /* Pods */ = {
			isa = PBXGroup;
			children = (
				269821FC774433F0C0B29CE6 /* Pods-CPDataDrivenFlowLayout iOS Example.debug.xcconfig */,
				667CEC160A25FCC9EF12D2F8 /* Pods-CPDataDrivenFlowLayout iOS Example.release.xcconfig */,
			);
			name = Pods;
			sourceTree = "<group>";
		};
/* End PBXGroup section */

/* Begin PBXNativeTarget section */
		A6D9630D1DB9167200ACE044 /* CPDataDrivenFlowLayout iOS Example */ = {
			isa = PBXNativeTarget;
			buildConfigurationList = A6D963251DB9167200ACE044 /* Build configuration list for PBXNativeTarget "CPDataDrivenFlowLayout iOS Example" */;
			buildPhases = (
				73CE6494239786A25661D40F /* [CP] Check Pods Manifest.lock */,
				A6D9630A1DB9167200ACE044 /* Sources */,
				A6D9630B1DB9167200ACE044 /* Frameworks */,
				A6D9630C1DB9167200ACE044 /* Resources */,
				8359CAE6E1ED540E65DA4B60 /* [CP] Embed Pods Frameworks */,
				08029E7ED4E6B2E361DC4E31 /* [CP] Copy Pods Resources */,
			);
			buildRules = (
			);
			dependencies = (
			);
			name = "CPDataDrivenFlowLayout iOS Example";
			productName = "CPDataDrivenFlowLayout iOS Example";
			productReference = A6D9630E1DB9167200ACE044 /* CPDataDrivenFlowLayout iOS Example.app */;
			productType = "com.apple.product-type.application";
		};
/* End PBXNativeTarget section */

/* Begin PBXProject section */
		A6D963061DB9167200ACE044 /* Project object */ = {
			isa = PBXProject;
			attributes = {
				LastUpgradeCheck = 0800;
				TargetAttributes = {
					A6D9630D1DB9167200ACE044 = {
						CreatedOnToolsVersion = 8.0;
						DevelopmentTeam = XWSVE76WWK;
						ProvisioningStyle = Automatic;
					};
				};
			};
			buildConfigurationList = A6D963091DB9167200ACE044 /* Build configuration list for PBXProject "CPDataDrivenFlowLayout iOS Example" */;
			compatibilityVersion = "Xcode 3.2";
			developmentRegion = English;
			hasScannedForEncodings = 0;
			knownRegions = (
				en,
				Base,
			);
			mainGroup = A6D963051DB9167200ACE044;
			productRefGroup = A6D9630F1DB9167200ACE044 /* Products */;
			projectDirPath = "";
			projectRoot = "";
			targets = (
				A6D9630D1DB9167200ACE044 /* CPDataDrivenFlowLayout iOS Example */,
			);
		};
/* End PBXProject section */

/* Begin PBXResourcesBuildPhase section */
		A6D9630C1DB9167200ACE044 /* Resources */ = {
			isa = PBXResourcesBuildPhase;
			buildActionMask = 2147483647;
			files = (
				A6D963211DB9167200ACE044 /* LaunchScreen.storyboard in Resources */,
				A6D9631E1DB9167200ACE044 /* Assets.xcassets in Resources */,
				A6D9631C1DB9167200ACE044 /* Main.storyboard in Resources */,
			);
			runOnlyForDeploymentPostprocessing = 0;
		};
/* End PBXResourcesBuildPhase section */

/* Begin PBXShellScriptBuildPhase section */
		08029E7ED4E6B2E361DC4E31 /* [CP] Copy Pods Resources */ = {
			isa = PBXShellScriptBuildPhase;
			buildActionMask = 2147483647;
			files = (
			);
			inputPaths = (
			);
			name = "[CP] Copy Pods Resources";
			outputPaths = (
			);
			runOnlyForDeploymentPostprocessing = 0;
			shellPath = /bin/sh;
			shellScript = "\"${SRCROOT}/Pods/Target Support Files/Pods-CPDataDrivenFlowLayout iOS Example/Pods-CPDataDrivenFlowLayout iOS Example-resources.sh\"\n";
			showEnvVarsInLog = 0;
		};
		73CE6494239786A25661D40F /* [CP] Check Pods Manifest.lock */ = {
			isa = PBXShellScriptBuildPhase;
			buildActionMask = 2147483647;
			files = (
			);
			inputPaths = (
			);
			name = "[CP] Check Pods Manifest.lock";
			outputPaths = (
			);
			runOnlyForDeploymentPostprocessing = 0;
			shellPath = /bin/sh;
			shellScript = "diff \"${PODS_ROOT}/../Podfile.lock\" \"${PODS_ROOT}/Manifest.lock\" > /dev/null\nif [ $? != 0 ] ; then\n    # print error to STDERR\n    echo \"error: The sandbox is not in sync with the Podfile.lock. Run 'pod install' or update your CocoaPods installation.\" >&2\n    exit 1\nfi\n";
			showEnvVarsInLog = 0;
		};
		8359CAE6E1ED540E65DA4B60 /* [CP] Embed Pods Frameworks */ = {
			isa = PBXShellScriptBuildPhase;
			buildActionMask = 2147483647;
			files = (
			);
			inputPaths = (
			);
			name = "[CP] Embed Pods Frameworks";
			outputPaths = (
			);
			runOnlyForDeploymentPostprocessing = 0;
			shellPath = /bin/sh;
			shellScript = "\"${SRCROOT}/Pods/Target Support Files/Pods-CPDataDrivenFlowLayout iOS Example/Pods-CPDataDrivenFlowLayout iOS Example-frameworks.sh\"\n";
			showEnvVarsInLog = 0;
		};
/* End PBXShellScriptBuildPhase section */

/* Begin PBXSourcesBuildPhase section */
		A6D9630A1DB9167200ACE044 /* Sources */ = {
			isa = PBXSourcesBuildPhase;
			buildActionMask = 2147483647;
			files = (
				A6D963191DB9167200ACE044 /* ViewController.m in Sources */,
				A6D963161DB9167200ACE044 /* AppDelegate.m in Sources */,
				A6D963131DB9167200ACE044 /* main.m in Sources */,
			);
			runOnlyForDeploymentPostprocessing = 0;
		};
/* End PBXSourcesBuildPhase section */

/* Begin PBXVariantGroup section */
		A6D9631A1DB9167200ACE044 /* Main.storyboard */ = {
			isa = PBXVariantGroup;
			children = (
				A6D9631B1DB9167200ACE044 /* Base */,
			);
			name = Main.storyboard;
			sourceTree = "<group>";
		};
		A6D9631F1DB9167200ACE044 /* LaunchScreen.storyboard */ = {
			isa = PBXVariantGroup;
			children = (
				A6D963201DB9167200ACE044 /* Base */,
			);
			name = LaunchScreen.storyboard;
			sourceTree = "<group>";
		};
/* End PBXVariantGroup section */

/* Begin XCBuildConfiguration section */
		A6D963231DB9167200ACE044 /* Debug */ = {
			isa = XCBuildConfiguration;
			buildSettings = {
				ALWAYS_SEARCH_USER_PATHS = NO;
				CLANG_ANALYZER_NONNULL = YES;
				CLANG_CXX_LANGUAGE_STANDARD = "gnu++0x";
				CLANG_CXX_LIBRARY = "libc++";
				CLANG_ENABLE_MODULES = YES;
				CLANG_ENABLE_OBJC_ARC = YES;
				CLANG_WARN_BOOL_CONVERSION = YES;
				CLANG_WARN_CONSTANT_CONVERSION = YES;
				CLANG_WARN_DIRECT_OBJC_ISA_USAGE = YES_ERROR;
				CLANG_WARN_DOCUMENTATION_COMMENTS = YES;
				CLANG_WARN_EMPTY_BODY = YES;
				CLANG_WARN_ENUM_CONVERSION = YES;
				CLANG_WARN_INFINITE_RECURSION = YES;
				CLANG_WARN_INT_CONVERSION = YES;
				CLANG_WARN_OBJC_ROOT_CLASS = YES_ERROR;
				CLANG_WARN_SUSPICIOUS_MOVES = YES;
				CLANG_WARN_UNREACHABLE_CODE = YES;
				CLANG_WARN__DUPLICATE_METHOD_MATCH = YES;
				"CODE_SIGN_IDENTITY[sdk=iphoneos*]" = "iPhone Developer";
				COPY_PHASE_STRIP = NO;
				DEBUG_INFORMATION_FORMAT = dwarf;
				ENABLE_STRICT_OBJC_MSGSEND = YES;
				ENABLE_TESTABILITY = YES;
				GCC_C_LANGUAGE_STANDARD = gnu99;
				GCC_DYNAMIC_NO_PIC = NO;
				GCC_NO_COMMON_BLOCKS = YES;
				GCC_OPTIMIZATION_LEVEL = 0;
				GCC_PREPROCESSOR_DEFINITIONS = (
					"DEBUG=1",
					"$(inherited)",
				);
				GCC_WARN_64_TO_32_BIT_CONVERSION = YES;
				GCC_WARN_ABOUT_RETURN_TYPE = YES_ERROR;
				GCC_WARN_UNDECLARED_SELECTOR = YES;
				GCC_WARN_UNINITIALIZED_AUTOS = YES_AGGRESSIVE;
				GCC_WARN_UNUSED_FUNCTION = YES;
				GCC_WARN_UNUSED_VARIABLE = YES;
				IPHONEOS_DEPLOYMENT_TARGET = 10.0;
				MTL_ENABLE_DEBUG_INFO = YES;
				ONLY_ACTIVE_ARCH = YES;
				SDKROOT = iphoneos;
				TARGETED_DEVICE_FAMILY = "1,2";
			};
			name = Debug;
		};
		A6D963241DB9167200ACE044 /* Release */ = {
			isa = XCBuildConfiguration;
			buildSettings = {
				ALWAYS_SEARCH_USER_PATHS = NO;
				CLANG_ANALYZER_NONNULL = YES;
				CLANG_CXX_LANGUAGE_STANDARD = "gnu++0x";
				CLANG_CXX_LIBRARY = "libc++";
				CLANG_ENABLE_MODULES = YES;
				CLANG_ENABLE_OBJC_ARC = YES;
				CLANG_WARN_BOOL_CONVERSION = YES;
				CLANG_WARN_CONSTANT_CONVERSION = YES;
				CLANG_WARN_DIRECT_OBJC_ISA_USAGE = YES_ERROR;
				CLANG_WARN_DOCUMENTATION_COMMENTS = YES;
				CLANG_WARN_EMPTY_BODY = YES;
				CLANG_WARN_ENUM_CONVERSION = YES;
				CLANG_WARN_INFINITE_RECURSION = YES;
				CLANG_WARN_INT_CONVERSION = YES;
				CLANG_WARN_OBJC_ROOT_CLASS = YES_ERROR;
				CLANG_WARN_SUSPICIOUS_MOVES = YES;
				CLANG_WARN_UNREACHABLE_CODE = YES;
				CLANG_WARN__DUPLICATE_METHOD_MATCH = YES;
				"CODE_SIGN_IDENTITY[sdk=iphoneos*]" = "iPhone Developer";
				COPY_PHASE_STRIP = NO;
				DEBUG_INFORMATION_FORMAT = "dwarf-with-dsym";
				ENABLE_NS_ASSERTIONS = NO;
				ENABLE_STRICT_OBJC_MSGSEND = YES;
				GCC_C_LANGUAGE_STANDARD = gnu99;
				GCC_NO_COMMON_BLOCKS = YES;
				GCC_WARN_64_TO_32_BIT_CONVERSION = YES;
				GCC_WARN_ABOUT_RETURN_TYPE = YES_ERROR;
				GCC_WARN_UNDECLARED_SELECTOR = YES;
				GCC_WARN_UNINITIALIZED_AUTOS = YES_AGGRESSIVE;
				GCC_WARN_UNUSED_FUNCTION = YES;
				GCC_WARN_UNUSED_VARIABLE = YES;
				IPHONEOS_DEPLOYMENT_TARGET = 10.0;
				MTL_ENABLE_DEBUG_INFO = NO;
				SDKROOT = iphoneos;
				TARGETED_DEVICE_FAMILY = "1,2";
				VALIDATE_PRODUCT = YES;
			};
			name = Release;
		};
		A6D963261DB9167200ACE044 /* Debug */ = {
			isa = XCBuildConfiguration;
			baseConfigurationReference = 269821FC774433F0C0B29CE6 /* Pods-CPDataDrivenFlowLayout iOS Example.debug.xcconfig */;
			buildSettings = {
				ASSETCATALOG_COMPILER_APPICON_NAME = AppIcon;
				DEVELOPMENT_TEAM = XWSVE76WWK;
				INFOPLIST_FILE = "CPDataDrivenFlowLayout iOS Example/Info.plist";
				LD_RUNPATH_SEARCH_PATHS = "$(inherited) @executable_path/Frameworks";
				PRODUCT_BUNDLE_IDENTIFIER = "caoping.CPDataDrivenFlowLayout-iOS-Example";
				PRODUCT_NAME = "$(TARGET_NAME)";
			};
			name = Debug;
		};
		A6D963271DB9167200ACE044 /* Release */ = {
			isa = XCBuildConfiguration;
			baseConfigurationReference = 667CEC160A25FCC9EF12D2F8 /* Pods-CPDataDrivenFlowLayout iOS Example.release.xcconfig */;
			buildSettings = {
				ASSETCATALOG_COMPILER_APPICON_NAME = AppIcon;
				DEVELOPMENT_TEAM = XWSVE76WWK;
				INFOPLIST_FILE = "CPDataDrivenFlowLayout iOS Example/Info.plist";
				LD_RUNPATH_SEARCH_PATHS = "$(inherited) @executable_path/Frameworks";
				PRODUCT_BUNDLE_IDENTIFIER = "caoping.CPDataDrivenFlowLayout-iOS-Example";
				PRODUCT_NAME = "$(TARGET_NAME)";
			};
			name = Release;
		};
/* End XCBuildConfiguration section */

/* Begin XCConfigurationList section */
		A6D963091DB9167200ACE044 /* Build configuration list for PBXProject "CPDataDrivenFlowLayout iOS Example" */ = {
			isa = XCConfigurationList;
			buildConfigurations = (
				A6D963231DB9167200ACE044 /* Debug */,
				A6D963241DB9167200ACE044 /* Release */,
			);
			defaultConfigurationIsVisible = 0;
			defaultConfigurationName = Release;
		};
		A6D963251DB9167200ACE044 /* Build configuration list for PBXNativeTarget "CPDataDrivenFlowLayout iOS Example" */ = {
			isa = XCConfigurationList;
			buildConfigurations = (
				A6D963261DB9167200ACE044 /* Debug */,
				A6D963271DB9167200ACE044 /* Release */,
			);
			defaultConfigurationIsVisible = 0;
		};
/* End XCConfigurationList section */
	};
	rootObject = A6D963061DB9167200ACE044 /* Project object */;
}
